// !$*UTF8*$!
{
	archiveVersion = 1;
	classes = {
	};
	objectVersion = 46;
	objects = {

/* Begin PBXBuildFile section */
		450349051E7253770021E7FA /* CommerceType.m in Sources */ = {isa = PBXBuildFile; fileRef = 450349041E7253770021E7FA /* CommerceType.m */; };
		4515E8931E5A3F3900E3736F /* Social.framework in Frameworks */ = {isa = PBXBuildFile; fileRef = 4515E8921E5A3F3900E3736F /* Social.framework */; };
		4515E8951E5A401100E3736F /* FBSDKLoginKit.framework in Frameworks */ = {isa = PBXBuildFile; fileRef = 4515E8941E5A401100E3736F /* FBSDKLoginKit.framework */; };
		4515E8971E5A409400E3736F /* Security.framework in Frameworks */ = {isa = PBXBuildFile; fileRef = 4515E8961E5A409400E3736F /* Security.framework */; };
		4515E8991E5A40BB00E3736F /* FBSDKCoreKit.framework in Frameworks */ = {isa = PBXBuildFile; fileRef = 4515E8981E5A40BB00E3736F /* FBSDKCoreKit.framework */; };
		4515E89B1E5A45C500E3736F /* Bolts.framework in Frameworks */ = {isa = PBXBuildFile; fileRef = 4515E89A1E5A45C500E3736F /* Bolts.framework */; };
		4515E89D1E5A45E700E3736F /* FBSDKShareKit.framework in Frameworks */ = {isa = PBXBuildFile; fileRef = 4515E89C1E5A45E700E3736F /* FBSDKShareKit.framework */; };
		4515E89F1E5A4CC300E3736F /* GoogleService-Info.plist in Resources */ = {isa = PBXBuildFile; fileRef = 4515E89E1E5A4CC300E3736F /* GoogleService-Info.plist */; };
		451EE6FB1E6CEAF7006CF063 /* VKSideMenu.m in Sources */ = {isa = PBXBuildFile; fileRef = 451EE6FA1E6CEAF7006CF063 /* VKSideMenu.m */; };
		4560AFE81D8BA50E00E341CD /* OffersCollectionViewController.m in Sources */ = {isa = PBXBuildFile; fileRef = 4560AFE71D8BA50E00E341CD /* OffersCollectionViewController.m */; };
		456637A31E6E44680072F477 /* Commerce.m in Sources */ = {isa = PBXBuildFile; fileRef = 456637A21E6E44680072F477 /* Commerce.m */; };
		456637A61E6E6DC90072F477 /* ProfileViewController.m in Sources */ = {isa = PBXBuildFile; fileRef = 456637A51E6E6DC90072F477 /* ProfileViewController.m */; };
		4599E0541E3AF13D00C5C92C /* menu-button_white@2x.png in Resources */ = {isa = PBXBuildFile; fileRef = 4599E0531E3AF13D00C5C92C /* menu-button_white@2x.png */; };
		4599E0561E3AF1F100C5C92C /* menu-button_white.png in Resources */ = {isa = PBXBuildFile; fileRef = 4599E0551E3AF1F100C5C92C /* menu-button_white.png */; };
		459F00CF1D90E47A0078736F /* Offer.m in Sources */ = {isa = PBXBuildFile; fileRef = 459F00CE1D90E47A0078736F /* Offer.m */; };
		459F00D21D90E5E70078736F /* OfferViewController.m in Sources */ = {isa = PBXBuildFile; fileRef = 459F00D11D90E5E70078736F /* OfferViewController.m */; };
		45A267F11D764B63008C8FFB /* MapsViewController.m in Sources */ = {isa = PBXBuildFile; fileRef = 45A267F01D764B63008C8FFB /* MapsViewController.m */; };
		45A415ED1D767FDC0038CD4D /* angry_birds_cake.jpg in Resources */ = {isa = PBXBuildFile; fileRef = 45A415DD1D767FDC0038CD4D /* angry_birds_cake.jpg */; };
		45A415EE1D767FDC0038CD4D /* creme_brelee.jpg in Resources */ = {isa = PBXBuildFile; fileRef = 45A415DE1D767FDC0038CD4D /* creme_brelee.jpg */; };
		45A415EF1D767FDC0038CD4D /* egg_benedict.jpg in Resources */ = {isa = PBXBuildFile; fileRef = 45A415DF1D767FDC0038CD4D /* egg_benedict.jpg */; };
		45A415F01D767FDC0038CD4D /* full_breakfast.jpg in Resources */ = {isa = PBXBuildFile; fileRef = 45A415E01D767FDC0038CD4D /* full_breakfast.jpg */; };
		45A415F11D767FDC0038CD4D /* green_tea.jpg in Resources */ = {isa = PBXBuildFile; fileRef = 45A415E11D767FDC0038CD4D /* green_tea.jpg */; };
		45A415F21D767FDC0038CD4D /* ham_and_cheese_panini.jpg in Resources */ = {isa = PBXBuildFile; fileRef = 45A415E21D767FDC0038CD4D /* ham_and_cheese_panini.jpg */; };
		45A415F31D767FDC0038CD4D /* ham_and_egg_sandwich.jpg in Resources */ = {isa = PBXBuildFile; fileRef = 45A415E31D767FDC0038CD4D /* ham_and_egg_sandwich.jpg */; };
		45A415F41D767FDC0038CD4D /* hamburger.jpg in Resources */ = {isa = PBXBuildFile; fileRef = 45A415E41D767FDC0038CD4D /* hamburger.jpg */; };
		45A415F51D767FDC0038CD4D /* instant_noodle_with_egg.jpg in Resources */ = {isa = PBXBuildFile; fileRef = 45A415E51D767FDC0038CD4D /* instant_noodle_with_egg.jpg */; };
		45A415F61D767FDC0038CD4D /* japanese_noodle_with_pork.jpg in Resources */ = {isa = PBXBuildFile; fileRef = 45A415E61D767FDC0038CD4D /* japanese_noodle_with_pork.jpg */; };
		45A415F71D767FDC0038CD4D /* mushroom_risotto.jpg in Resources */ = {isa = PBXBuildFile; fileRef = 45A415E71D767FDC0038CD4D /* mushroom_risotto.jpg */; };
		45A415F81D767FDC0038CD4D /* noodle_with_bbq_pork.jpg in Resources */ = {isa = PBXBuildFile; fileRef = 45A415E81D767FDC0038CD4D /* noodle_with_bbq_pork.jpg */; };
		45A415F91D767FDC0038CD4D /* starbucks_coffee.jpg in Resources */ = {isa = PBXBuildFile; fileRef = 45A415E91D767FDC0038CD4D /* starbucks_coffee.jpg */; };
		45A415FA1D767FDC0038CD4D /* thai_shrimp_cake.jpg in Resources */ = {isa = PBXBuildFile; fileRef = 45A415EA1D767FDC0038CD4D /* thai_shrimp_cake.jpg */; };
		45A415FB1D767FDC0038CD4D /* vegetable_curry.jpg in Resources */ = {isa = PBXBuildFile; fileRef = 45A415EB1D767FDC0038CD4D /* vegetable_curry.jpg */; };
		45A415FC1D767FDC0038CD4D /* white_chocolate_donut.jpg in Resources */ = {isa = PBXBuildFile; fileRef = 45A415EC1D767FDC0038CD4D /* white_chocolate_donut.jpg */; };
		45A865011E76309E00C30958 /* FilteredOffersNavigationViewController.m in Sources */ = {isa = PBXBuildFile; fileRef = 45A865001E76309E00C30958 /* FilteredOffersNavigationViewController.m */; };
		45C2BCC51E3E5E7E004F1C09 /* LogInViewController.m in Sources */ = {isa = PBXBuildFile; fileRef = 45C2BCC41E3E5E7E004F1C09 /* LogInViewController.m */; };
		45C2BCC91E3E68E4004F1C09 /* UIUnderlinedButton.m in Sources */ = {isa = PBXBuildFile; fileRef = 45C2BCC81E3E68E4004F1C09 /* UIUnderlinedButton.m */; };
		45C2BCCD1E3E6FFA004F1C09 /* ForgotPasswordViewController.m in Sources */ = {isa = PBXBuildFile; fileRef = 45C2BCCC1E3E6FFA004F1C09 /* ForgotPasswordViewController.m */; };
		45D4F25F1E2EE1DC00619E7F /* Register1ViewController.m in Sources */ = {isa = PBXBuildFile; fileRef = 45D4F25E1E2EE1DC00619E7F /* Register1ViewController.m */; };
		45D4F2651E2EE39E00619E7F /* User.m in Sources */ = {isa = PBXBuildFile; fileRef = 45D4F2641E2EE39E00619E7F /* User.m */; };
		45E1520B1E4D39F600F5E9EF /* OffersTableViewController.m in Sources */ = {isa = PBXBuildFile; fileRef = 45E1520A1E4D39F600F5E9EF /* OffersTableViewController.m */; };
		45E1520E1E4D3A3E00F5E9EF /* KITableViewCell.m in Sources */ = {isa = PBXBuildFile; fileRef = 45E1520D1E4D3A3E00F5E9EF /* KITableViewCell.m */; };
		45E152121E4D3AB400F5E9EF /* KASlideShow.m in Sources */ = {isa = PBXBuildFile; fileRef = 45E152111E4D3AB400F5E9EF /* KASlideShow.m */; };
		45E152141E4D3BD100F5E9EF /* Foundation.framework in Frameworks */ = {isa = PBXBuildFile; fileRef = 45E152131E4D3BD100F5E9EF /* Foundation.framework */; };
		45E152161E4D3BD700F5E9EF /* CoreGraphics.framework in Frameworks */ = {isa = PBXBuildFile; fileRef = 45E152151E4D3BD700F5E9EF /* CoreGraphics.framework */; };
		45E152181E4D3BE500F5E9EF /* QuartzCore.framework in Frameworks */ = {isa = PBXBuildFile; fileRef = 45E152171E4D3BE500F5E9EF /* QuartzCore.framework */; };
		45E1521A1E4D3BF100F5E9EF /* UIKit.framework in Frameworks */ = {isa = PBXBuildFile; fileRef = 45E152191E4D3BF100F5E9EF /* UIKit.framework */; };
		45E152211E4D3D8D00F5E9EF /* 336D.jpg in Resources */ = {isa = PBXBuildFile; fileRef = 45E1521C1E4D3D8D00F5E9EF /* 336D.jpg */; };
		45E152221E4D3D8D00F5E9EF /* test_1.jpg in Resources */ = {isa = PBXBuildFile; fileRef = 45E1521D1E4D3D8D00F5E9EF /* test_1.jpg */; };
		45E152231E4D3D8D00F5E9EF /* test_2.jpg in Resources */ = {isa = PBXBuildFile; fileRef = 45E1521E1E4D3D8D00F5E9EF /* test_2.jpg */; };
		45E152241E4D3D8D00F5E9EF /* test_3.jpg in Resources */ = {isa = PBXBuildFile; fileRef = 45E1521F1E4D3D8D00F5E9EF /* test_3.jpg */; };
		45E152251E4D3D8D00F5E9EF /* test_4.jpg in Resources */ = {isa = PBXBuildFile; fileRef = 45E152201E4D3D8D00F5E9EF /* test_4.jpg */; };
		45E152281E4D55B200F5E9EF /* SearchViewController.m in Sources */ = {isa = PBXBuildFile; fileRef = 45E152271E4D55B200F5E9EF /* SearchViewController.m */; };
		45F26EAE1D7526AA006C6D9E /* main.m in Sources */ = {isa = PBXBuildFile; fileRef = 45F26EAD1D7526AA006C6D9E /* main.m */; };
		45F26EB11D7526AA006C6D9E /* AppDelegate.m in Sources */ = {isa = PBXBuildFile; fileRef = 45F26EB01D7526AA006C6D9E /* AppDelegate.m */; };
		45F26EB41D7526AA006C6D9E /* ViewController.m in Sources */ = {isa = PBXBuildFile; fileRef = 45F26EB31D7526AA006C6D9E /* ViewController.m */; };
		45F26EB71D7526AA006C6D9E /* Main.storyboard in Resources */ = {isa = PBXBuildFile; fileRef = 45F26EB51D7526AA006C6D9E /* Main.storyboard */; };
		45F26EB91D7526AA006C6D9E /* Assets.xcassets in Resources */ = {isa = PBXBuildFile; fileRef = 45F26EB81D7526AA006C6D9E /* Assets.xcassets */; };
		45F26EBC1D7526AA006C6D9E /* LaunchScreen.storyboard in Resources */ = {isa = PBXBuildFile; fileRef = 45F26EBA1D7526AA006C6D9E /* LaunchScreen.storyboard */; };
		45F26EC71D7526AA006C6D9E /* AppTestTests.m in Sources */ = {isa = PBXBuildFile; fileRef = 45F26EC61D7526AA006C6D9E /* AppTestTests.m */; };
		45F26ED21D7526AA006C6D9E /* AppTestUITests.m in Sources */ = {isa = PBXBuildFile; fileRef = 45F26ED11D7526AA006C6D9E /* AppTestUITests.m */; };
		45F474101E3048A400DD3C47 /* Register2ViewController.m in Sources */ = {isa = PBXBuildFile; fileRef = 45F4740F1E3048A400DD3C47 /* Register2ViewController.m */; };
		45F7A2791E396F0800A3235D /* BienvenidoViewController.m in Sources */ = {isa = PBXBuildFile; fileRef = 45F7A2781E396F0800A3235D /* BienvenidoViewController.m */; };
		45F7A27D1E3972FF00A3235D /* ACFloatingTextField.m in Sources */ = {isa = PBXBuildFile; fileRef = 45F7A27C1E3972FF00A3235D /* ACFloatingTextField.m */; };
		45F807511E759A21005DB3A4 /* FilteredOffersTableViewController.m in Sources */ = {isa = PBXBuildFile; fileRef = 45F807501E759A21005DB3A4 /* FilteredOffersTableViewController.m */; };
		83349CB109212375B7905AC6 /* libPods-AppTestUITests.a in Frameworks */ = {isa = PBXBuildFile; fileRef = FA71AE2AFB459F655F9A16A8 /* libPods-AppTestUITests.a */; };
		97E9429F88885DD0421773F7 /* libPods-AppTestTests.a in Frameworks */ = {isa = PBXBuildFile; fileRef = 3CBECB606A5EEAE7E47721D7 /* libPods-AppTestTests.a */; };
		9C0194C4BAECDFFB2FB2204E /* libPods-AppTest.a in Frameworks */ = {isa = PBXBuildFile; fileRef = 252F063C7F2F76F96EEF6D44 /* libPods-AppTest.a */; };
/* End PBXBuildFile section */

/* Begin PBXContainerItemProxy section */
		45F26EC31D7526AA006C6D9E /* PBXContainerItemProxy */ = {
			isa = PBXContainerItemProxy;
			containerPortal = 45F26EA11D7526AA006C6D9E /* Project object */;
			proxyType = 1;
			remoteGlobalIDString = 45F26EA81D7526AA006C6D9E;
			remoteInfo = AppTest;
		};
		45F26ECE1D7526AA006C6D9E /* PBXContainerItemProxy */ = {
			isa = PBXContainerItemProxy;
			containerPortal = 45F26EA11D7526AA006C6D9E /* Project object */;
			proxyType = 1;
			remoteGlobalIDString = 45F26EA81D7526AA006C6D9E;
			remoteInfo = AppTest;
		};
/* End PBXContainerItemProxy section */

/* Begin PBXFileReference section */
		252F063C7F2F76F96EEF6D44 /* libPods-AppTest.a */ = {isa = PBXFileReference; explicitFileType = archive.ar; includeInIndex = 0; path = "libPods-AppTest.a"; sourceTree = BUILT_PRODUCTS_DIR; };
		3CBECB606A5EEAE7E47721D7 /* libPods-AppTestTests.a */ = {isa = PBXFileReference; explicitFileType = archive.ar; includeInIndex = 0; path = "libPods-AppTestTests.a"; sourceTree = BUILT_PRODUCTS_DIR; };
		403FE867347957B2B1EF8B5C /* Pods-AppTestTests.debug.xcconfig */ = {isa = PBXFileReference; includeInIndex = 1; lastKnownFileType = text.xcconfig; name = "Pods-AppTestTests.debug.xcconfig"; path = "Pods/Target Support Files/Pods-AppTestTests/Pods-AppTestTests.debug.xcconfig"; sourceTree = "<group>"; };
		450349031E7253770021E7FA /* CommerceType.h */ = {isa = PBXFileReference; fileEncoding = 4; lastKnownFileType = sourcecode.c.h; path = CommerceType.h; sourceTree = "<group>"; };
		450349041E7253770021E7FA /* CommerceType.m */ = {isa = PBXFileReference; fileEncoding = 4; lastKnownFileType = sourcecode.c.objc; path = CommerceType.m; sourceTree = "<group>"; };
		4515E8921E5A3F3900E3736F /* Social.framework */ = {isa = PBXFileReference; lastKnownFileType = wrapper.framework; name = Social.framework; path = System/Library/Frameworks/Social.framework; sourceTree = SDKROOT; };
		4515E8941E5A401100E3736F /* FBSDKLoginKit.framework */ = {isa = PBXFileReference; lastKnownFileType = wrapper.framework; path = FBSDKLoginKit.framework; sourceTree = "<group>"; };
		4515E8961E5A409400E3736F /* Security.framework */ = {isa = PBXFileReference; lastKnownFileType = wrapper.framework; name = Security.framework; path = System/Library/Frameworks/Security.framework; sourceTree = SDKROOT; };
		4515E8981E5A40BB00E3736F /* FBSDKCoreKit.framework */ = {isa = PBXFileReference; lastKnownFileType = wrapper.framework; path = FBSDKCoreKit.framework; sourceTree = "<group>"; };
		4515E89A1E5A45C500E3736F /* Bolts.framework */ = {isa = PBXFileReference; lastKnownFileType = wrapper.framework; path = Bolts.framework; sourceTree = "<group>"; };
		4515E89C1E5A45E700E3736F /* FBSDKShareKit.framework */ = {isa = PBXFileReference; lastKnownFileType = wrapper.framework; path = FBSDKShareKit.framework; sourceTree = "<group>"; };
		4515E89E1E5A4CC300E3736F /* GoogleService-Info.plist */ = {isa = PBXFileReference; fileEncoding = 4; lastKnownFileType = text.plist.xml; path = "GoogleService-Info.plist"; sourceTree = "<group>"; };
		451EE6F91E6CEAF7006CF063 /* VKSideMenu.h */ = {isa = PBXFileReference; fileEncoding = 4; lastKnownFileType = sourcecode.c.h; path = VKSideMenu.h; sourceTree = "<group>"; };
		451EE6FA1E6CEAF7006CF063 /* VKSideMenu.m */ = {isa = PBXFileReference; fileEncoding = 4; lastKnownFileType = sourcecode.c.objc; path = VKSideMenu.m; sourceTree = "<group>"; };
		45572A6F1E1DE17C00CDA25A /* Corbel.ttf */ = {isa = PBXFileReference; lastKnownFileType = file; path = Corbel.ttf; sourceTree = "<group>"; };
		45572A701E1DE17C00CDA25A /* HelveticaLTStd-Light.otf */ = {isa = PBXFileReference; lastKnownFileType = file; path = "HelveticaLTStd-Light.otf"; sourceTree = "<group>"; };
		4560AFE61D8BA50E00E341CD /* OffersCollectionViewController.h */ = {isa = PBXFileReference; fileEncoding = 4; lastKnownFileType = sourcecode.c.h; path = OffersCollectionViewController.h; sourceTree = "<group>"; };
		4560AFE71D8BA50E00E341CD /* OffersCollectionViewController.m */ = {isa = PBXFileReference; fileEncoding = 4; lastKnownFileType = sourcecode.c.objc; path = OffersCollectionViewController.m; sourceTree = "<group>"; };
		456637A11E6E44680072F477 /* Commerce.h */ = {isa = PBXFileReference; fileEncoding = 4; lastKnownFileType = sourcecode.c.h; path = Commerce.h; sourceTree = "<group>"; };
		456637A21E6E44680072F477 /* Commerce.m */ = {isa = PBXFileReference; fileEncoding = 4; lastKnownFileType = sourcecode.c.objc; path = Commerce.m; sourceTree = "<group>"; };
		456637A41E6E6DC90072F477 /* ProfileViewController.h */ = {isa = PBXFileReference; fileEncoding = 4; lastKnownFileType = sourcecode.c.h; path = ProfileViewController.h; sourceTree = "<group>"; };
		456637A51E6E6DC90072F477 /* ProfileViewController.m */ = {isa = PBXFileReference; fileEncoding = 4; lastKnownFileType = sourcecode.c.objc; path = ProfileViewController.m; sourceTree = "<group>"; };
		4599E0531E3AF13D00C5C92C /* menu-button_white@2x.png */ = {isa = PBXFileReference; lastKnownFileType = image.png; path = "menu-button_white@2x.png"; sourceTree = "<group>"; };
		4599E0551E3AF1F100C5C92C /* menu-button_white.png */ = {isa = PBXFileReference; lastKnownFileType = image.png; path = "menu-button_white.png"; sourceTree = "<group>"; };
		459F00CD1D90E47A0078736F /* Offer.h */ = {isa = PBXFileReference; fileEncoding = 4; lastKnownFileType = sourcecode.c.h; path = Offer.h; sourceTree = "<group>"; };
		459F00CE1D90E47A0078736F /* Offer.m */ = {isa = PBXFileReference; fileEncoding = 4; lastKnownFileType = sourcecode.c.objc; path = Offer.m; sourceTree = "<group>"; };
		459F00D01D90E5E70078736F /* OfferViewController.h */ = {isa = PBXFileReference; fileEncoding = 4; lastKnownFileType = sourcecode.c.h; path = OfferViewController.h; sourceTree = "<group>"; };
		459F00D11D90E5E70078736F /* OfferViewController.m */ = {isa = PBXFileReference; fileEncoding = 4; lastKnownFileType = sourcecode.c.objc; path = OfferViewController.m; sourceTree = "<group>"; };
		45A267EF1D764B63008C8FFB /* MapsViewController.h */ = {isa = PBXFileReference; fileEncoding = 4; lastKnownFileType = sourcecode.c.h; path = MapsViewController.h; sourceTree = "<group>"; };
		45A267F01D764B63008C8FFB /* MapsViewController.m */ = {isa = PBXFileReference; fileEncoding = 4; lastKnownFileType = sourcecode.c.objc; path = MapsViewController.m; sourceTree = "<group>"; };
		45A415DD1D767FDC0038CD4D /* angry_birds_cake.jpg */ = {isa = PBXFileReference; lastKnownFileType = image.jpeg; path = angry_birds_cake.jpg; sourceTree = "<group>"; };
		45A415DE1D767FDC0038CD4D /* creme_brelee.jpg */ = {isa = PBXFileReference; lastKnownFileType = image.jpeg; path = creme_brelee.jpg; sourceTree = "<group>"; };
		45A415DF1D767FDC0038CD4D /* egg_benedict.jpg */ = {isa = PBXFileReference; lastKnownFileType = image.jpeg; path = egg_benedict.jpg; sourceTree = "<group>"; };
		45A415E01D767FDC0038CD4D /* full_breakfast.jpg */ = {isa = PBXFileReference; lastKnownFileType = image.jpeg; path = full_breakfast.jpg; sourceTree = "<group>"; };
		45A415E11D767FDC0038CD4D /* green_tea.jpg */ = {isa = PBXFileReference; lastKnownFileType = image.jpeg; path = green_tea.jpg; sourceTree = "<group>"; };
		45A415E21D767FDC0038CD4D /* ham_and_cheese_panini.jpg */ = {isa = PBXFileReference; lastKnownFileType = image.jpeg; path = ham_and_cheese_panini.jpg; sourceTree = "<group>"; };
		45A415E31D767FDC0038CD4D /* ham_and_egg_sandwich.jpg */ = {isa = PBXFileReference; lastKnownFileType = image.jpeg; path = ham_and_egg_sandwich.jpg; sourceTree = "<group>"; };
		45A415E41D767FDC0038CD4D /* hamburger.jpg */ = {isa = PBXFileReference; lastKnownFileType = image.jpeg; path = hamburger.jpg; sourceTree = "<group>"; };
		45A415E51D767FDC0038CD4D /* instant_noodle_with_egg.jpg */ = {isa = PBXFileReference; lastKnownFileType = image.jpeg; path = instant_noodle_with_egg.jpg; sourceTree = "<group>"; };
		45A415E61D767FDC0038CD4D /* japanese_noodle_with_pork.jpg */ = {isa = PBXFileReference; lastKnownFileType = image.jpeg; path = japanese_noodle_with_pork.jpg; sourceTree = "<group>"; };
		45A415E71D767FDC0038CD4D /* mushroom_risotto.jpg */ = {isa = PBXFileReference; lastKnownFileType = image.jpeg; path = mushroom_risotto.jpg; sourceTree = "<group>"; };
		45A415E81D767FDC0038CD4D /* noodle_with_bbq_pork.jpg */ = {isa = PBXFileReference; lastKnownFileType = image.jpeg; path = noodle_with_bbq_pork.jpg; sourceTree = "<group>"; };
		45A415E91D767FDC0038CD4D /* starbucks_coffee.jpg */ = {isa = PBXFileReference; lastKnownFileType = image.jpeg; path = starbucks_coffee.jpg; sourceTree = "<group>"; };
		45A415EA1D767FDC0038CD4D /* thai_shrimp_cake.jpg */ = {isa = PBXFileReference; lastKnownFileType = image.jpeg; path = thai_shrimp_cake.jpg; sourceTree = "<group>"; };
		45A415EB1D767FDC0038CD4D /* vegetable_curry.jpg */ = {isa = PBXFileReference; lastKnownFileType = image.jpeg; path = vegetable_curry.jpg; sourceTree = "<group>"; };
		45A415EC1D767FDC0038CD4D /* white_chocolate_donut.jpg */ = {isa = PBXFileReference; lastKnownFileType = image.jpeg; path = white_chocolate_donut.jpg; sourceTree = "<group>"; };
		45A864FF1E76309E00C30958 /* FilteredOffersNavigationViewController.h */ = {isa = PBXFileReference; fileEncoding = 4; lastKnownFileType = sourcecode.c.h; path = FilteredOffersNavigationViewController.h; sourceTree = "<group>"; };
		45A865001E76309E00C30958 /* FilteredOffersNavigationViewController.m */ = {isa = PBXFileReference; fileEncoding = 4; lastKnownFileType = sourcecode.c.objc; path = FilteredOffersNavigationViewController.m; sourceTree = "<group>"; };
		45C2BCC31E3E5E7E004F1C09 /* LogInViewController.h */ = {isa = PBXFileReference; fileEncoding = 4; lastKnownFileType = sourcecode.c.h; path = LogInViewController.h; sourceTree = "<group>"; };
		45C2BCC41E3E5E7E004F1C09 /* LogInViewController.m */ = {isa = PBXFileReference; fileEncoding = 4; lastKnownFileType = sourcecode.c.objc; path = LogInViewController.m; sourceTree = "<group>"; };
		45C2BCC71E3E68E4004F1C09 /* UIUnderlinedButton.h */ = {isa = PBXFileReference; fileEncoding = 4; lastKnownFileType = sourcecode.c.h; path = UIUnderlinedButton.h; sourceTree = "<group>"; };
		45C2BCC81E3E68E4004F1C09 /* UIUnderlinedButton.m */ = {isa = PBXFileReference; fileEncoding = 4; lastKnownFileType = sourcecode.c.objc; path = UIUnderlinedButton.m; sourceTree = "<group>"; };
		45C2BCCB1E3E6FFA004F1C09 /* ForgotPasswordViewController.h */ = {isa = PBXFileReference; fileEncoding = 4; lastKnownFileType = sourcecode.c.h; path = ForgotPasswordViewController.h; sourceTree = "<group>"; };
		45C2BCCC1E3E6FFA004F1C09 /* ForgotPasswordViewController.m */ = {isa = PBXFileReference; fileEncoding = 4; lastKnownFileType = sourcecode.c.objc; path = ForgotPasswordViewController.m; sourceTree = "<group>"; };
		45D4F25D1E2EE1DC00619E7F /* Register1ViewController.h */ = {isa = PBXFileReference; fileEncoding = 4; lastKnownFileType = sourcecode.c.h; path = Register1ViewController.h; sourceTree = "<group>"; };
		45D4F25E1E2EE1DC00619E7F /* Register1ViewController.m */ = {isa = PBXFileReference; fileEncoding = 4; lastKnownFileType = sourcecode.c.objc; path = Register1ViewController.m; sourceTree = "<group>"; };
		45D4F2631E2EE39E00619E7F /* User.h */ = {isa = PBXFileReference; fileEncoding = 4; lastKnownFileType = sourcecode.c.h; path = User.h; sourceTree = "<group>"; };
		45D4F2641E2EE39E00619E7F /* User.m */ = {isa = PBXFileReference; fileEncoding = 4; lastKnownFileType = sourcecode.c.objc; path = User.m; sourceTree = "<group>"; };
		45E152091E4D39F600F5E9EF /* OffersTableViewController.h */ = {isa = PBXFileReference; fileEncoding = 4; lastKnownFileType = sourcecode.c.h; path = OffersTableViewController.h; sourceTree = "<group>"; };
		45E1520A1E4D39F600F5E9EF /* OffersTableViewController.m */ = {isa = PBXFileReference; fileEncoding = 4; lastKnownFileType = sourcecode.c.objc; path = OffersTableViewController.m; sourceTree = "<group>"; };
		45E1520C1E4D3A3E00F5E9EF /* KITableViewCell.h */ = {isa = PBXFileReference; fileEncoding = 4; lastKnownFileType = sourcecode.c.h; path = KITableViewCell.h; sourceTree = "<group>"; };
		45E1520D1E4D3A3E00F5E9EF /* KITableViewCell.m */ = {isa = PBXFileReference; fileEncoding = 4; lastKnownFileType = sourcecode.c.objc; path = KITableViewCell.m; sourceTree = "<group>"; };
		45E152101E4D3AB400F5E9EF /* KASlideShow.h */ = {isa = PBXFileReference; fileEncoding = 4; lastKnownFileType = sourcecode.c.h; path = KASlideShow.h; sourceTree = "<group>"; };
		45E152111E4D3AB400F5E9EF /* KASlideShow.m */ = {isa = PBXFileReference; fileEncoding = 4; lastKnownFileType = sourcecode.c.objc; path = KASlideShow.m; sourceTree = "<group>"; };
		45E152131E4D3BD100F5E9EF /* Foundation.framework */ = {isa = PBXFileReference; lastKnownFileType = wrapper.framework; name = Foundation.framework; path = System/Library/Frameworks/Foundation.framework; sourceTree = SDKROOT; };
		45E152151E4D3BD700F5E9EF /* CoreGraphics.framework */ = {isa = PBXFileReference; lastKnownFileType = wrapper.framework; name = CoreGraphics.framework; path = System/Library/Frameworks/CoreGraphics.framework; sourceTree = SDKROOT; };
		45E152171E4D3BE500F5E9EF /* QuartzCore.framework */ = {isa = PBXFileReference; lastKnownFileType = wrapper.framework; name = QuartzCore.framework; path = System/Library/Frameworks/QuartzCore.framework; sourceTree = SDKROOT; };
		45E152191E4D3BF100F5E9EF /* UIKit.framework */ = {isa = PBXFileReference; lastKnownFileType = wrapper.framework; name = UIKit.framework; path = System/Library/Frameworks/UIKit.framework; sourceTree = SDKROOT; };
		45E1521C1E4D3D8D00F5E9EF /* 336D.jpg */ = {isa = PBXFileReference; lastKnownFileType = image.jpeg; name = 336D.jpg; path = "../../../../Downloads/KIImagePager-master/KIImagePager/336D.jpg"; sourceTree = "<group>"; };
		45E1521D1E4D3D8D00F5E9EF /* test_1.jpg */ = {isa = PBXFileReference; lastKnownFileType = image.jpeg; name = test_1.jpg; path = "../../../../Downloads/KIImagePager-master/KIImagePager/test_1.jpg"; sourceTree = "<group>"; };
		45E1521E1E4D3D8D00F5E9EF /* test_2.jpg */ = {isa = PBXFileReference; lastKnownFileType = image.jpeg; name = test_2.jpg; path = "../../../../Downloads/KIImagePager-master/KIImagePager/test_2.jpg"; sourceTree = "<group>"; };
		45E1521F1E4D3D8D00F5E9EF /* test_3.jpg */ = {isa = PBXFileReference; lastKnownFileType = image.jpeg; name = test_3.jpg; path = "../../../../Downloads/KIImagePager-master/KIImagePager/test_3.jpg"; sourceTree = "<group>"; };
		45E152201E4D3D8D00F5E9EF /* test_4.jpg */ = {isa = PBXFileReference; lastKnownFileType = image.jpeg; name = test_4.jpg; path = "../../../../Downloads/KIImagePager-master/KIImagePager/test_4.jpg"; sourceTree = "<group>"; };
		45E152261E4D55B200F5E9EF /* SearchViewController.h */ = {isa = PBXFileReference; fileEncoding = 4; lastKnownFileType = sourcecode.c.h; path = SearchViewController.h; sourceTree = "<group>"; };
		45E152271E4D55B200F5E9EF /* SearchViewController.m */ = {isa = PBXFileReference; fileEncoding = 4; lastKnownFileType = sourcecode.c.objc; path = SearchViewController.m; sourceTree = "<group>"; };
		45F26EA91D7526AA006C6D9E /* AppTest.app */ = {isa = PBXFileReference; explicitFileType = wrapper.application; includeInIndex = 0; path = AppTest.app; sourceTree = BUILT_PRODUCTS_DIR; };
		45F26EAD1D7526AA006C6D9E /* main.m */ = {isa = PBXFileReference; lastKnownFileType = sourcecode.c.objc; path = main.m; sourceTree = "<group>"; };
		45F26EAF1D7526AA006C6D9E /* AppDelegate.h */ = {isa = PBXFileReference; lastKnownFileType = sourcecode.c.h; path = AppDelegate.h; sourceTree = "<group>"; };
		45F26EB01D7526AA006C6D9E /* AppDelegate.m */ = {isa = PBXFileReference; lastKnownFileType = sourcecode.c.objc; path = AppDelegate.m; sourceTree = "<group>"; };
		45F26EB21D7526AA006C6D9E /* ViewController.h */ = {isa = PBXFileReference; lastKnownFileType = sourcecode.c.h; path = ViewController.h; sourceTree = "<group>"; };
		45F26EB31D7526AA006C6D9E /* ViewController.m */ = {isa = PBXFileReference; lastKnownFileType = sourcecode.c.objc; path = ViewController.m; sourceTree = "<group>"; };
		45F26EB61D7526AA006C6D9E /* Base */ = {isa = PBXFileReference; lastKnownFileType = file.storyboard; name = Base; path = Base.lproj/Main.storyboard; sourceTree = "<group>"; };
		45F26EB81D7526AA006C6D9E /* Assets.xcassets */ = {isa = PBXFileReference; lastKnownFileType = folder.assetcatalog; path = Assets.xcassets; sourceTree = "<group>"; };
		45F26EBB1D7526AA006C6D9E /* Base */ = {isa = PBXFileReference; lastKnownFileType = file.storyboard; name = Base; path = Base.lproj/LaunchScreen.storyboard; sourceTree = "<group>"; };
		45F26EBD1D7526AA006C6D9E /* Info.plist */ = {isa = PBXFileReference; lastKnownFileType = text.plist.xml; path = Info.plist; sourceTree = "<group>"; };
		45F26EC21D7526AA006C6D9E /* AppTestTests.xctest */ = {isa = PBXFileReference; explicitFileType = wrapper.cfbundle; includeInIndex = 0; path = AppTestTests.xctest; sourceTree = BUILT_PRODUCTS_DIR; };
		45F26EC61D7526AA006C6D9E /* AppTestTests.m */ = {isa = PBXFileReference; lastKnownFileType = sourcecode.c.objc; path = AppTestTests.m; sourceTree = "<group>"; };
		45F26EC81D7526AA006C6D9E /* Info.plist */ = {isa = PBXFileReference; lastKnownFileType = text.plist.xml; path = Info.plist; sourceTree = "<group>"; };
		45F26ECD1D7526AA006C6D9E /* AppTestUITests.xctest */ = {isa = PBXFileReference; explicitFileType = wrapper.cfbundle; includeInIndex = 0; path = AppTestUITests.xctest; sourceTree = BUILT_PRODUCTS_DIR; };
		45F26ED11D7526AA006C6D9E /* AppTestUITests.m */ = {isa = PBXFileReference; lastKnownFileType = sourcecode.c.objc; path = AppTestUITests.m; sourceTree = "<group>"; };
		45F26ED31D7526AA006C6D9E /* Info.plist */ = {isa = PBXFileReference; lastKnownFileType = text.plist.xml; path = Info.plist; sourceTree = "<group>"; };
		45F4740E1E3048A400DD3C47 /* Register2ViewController.h */ = {isa = PBXFileReference; fileEncoding = 4; lastKnownFileType = sourcecode.c.h; path = Register2ViewController.h; sourceTree = "<group>"; };
		45F4740F1E3048A400DD3C47 /* Register2ViewController.m */ = {isa = PBXFileReference; fileEncoding = 4; lastKnownFileType = sourcecode.c.objc; path = Register2ViewController.m; sourceTree = "<group>"; };
		45F7A2771E396F0800A3235D /* BienvenidoViewController.h */ = {isa = PBXFileReference; fileEncoding = 4; lastKnownFileType = sourcecode.c.h; path = BienvenidoViewController.h; sourceTree = "<group>"; };
		45F7A2781E396F0800A3235D /* BienvenidoViewController.m */ = {isa = PBXFileReference; fileEncoding = 4; lastKnownFileType = sourcecode.c.objc; path = BienvenidoViewController.m; sourceTree = "<group>"; };
		45F7A27B1E3972FF00A3235D /* ACFloatingTextField.h */ = {isa = PBXFileReference; fileEncoding = 4; lastKnownFileType = sourcecode.c.h; path = ACFloatingTextField.h; sourceTree = "<group>"; };
		45F7A27C1E3972FF00A3235D /* ACFloatingTextField.m */ = {isa = PBXFileReference; fileEncoding = 4; lastKnownFileType = sourcecode.c.objc; path = ACFloatingTextField.m; sourceTree = "<group>"; };
		45F8074F1E759A21005DB3A4 /* FilteredOffersTableViewController.h */ = {isa = PBXFileReference; fileEncoding = 4; lastKnownFileType = sourcecode.c.h; path = FilteredOffersTableViewController.h; sourceTree = "<group>"; };
		45F807501E759A21005DB3A4 /* FilteredOffersTableViewController.m */ = {isa = PBXFileReference; fileEncoding = 4; lastKnownFileType = sourcecode.c.objc; path = FilteredOffersTableViewController.m; sourceTree = "<group>"; };
		6E45FA9D8B4DA65FF6C3F021 /* Pods-AppTest.debug.xcconfig */ = {isa = PBXFileReference; includeInIndex = 1; lastKnownFileType = text.xcconfig; name = "Pods-AppTest.debug.xcconfig"; path = "Pods/Target Support Files/Pods-AppTest/Pods-AppTest.debug.xcconfig"; sourceTree = "<group>"; };
		E3AE3F0010470451DE6B903B /* Pods-AppTestUITests.debug.xcconfig */ = {isa = PBXFileReference; includeInIndex = 1; lastKnownFileType = text.xcconfig; name = "Pods-AppTestUITests.debug.xcconfig"; path = "Pods/Target Support Files/Pods-AppTestUITests/Pods-AppTestUITests.debug.xcconfig"; sourceTree = "<group>"; };
		EE4FF6F6A36A678578058D93 /* Pods-AppTestUITests.release.xcconfig */ = {isa = PBXFileReference; includeInIndex = 1; lastKnownFileType = text.xcconfig; name = "Pods-AppTestUITests.release.xcconfig"; path = "Pods/Target Support Files/Pods-AppTestUITests/Pods-AppTestUITests.release.xcconfig"; sourceTree = "<group>"; };
		F1F16918C36809986DA16AFC /* Pods-AppTest.release.xcconfig */ = {isa = PBXFileReference; includeInIndex = 1; lastKnownFileType = text.xcconfig; name = "Pods-AppTest.release.xcconfig"; path = "Pods/Target Support Files/Pods-AppTest/Pods-AppTest.release.xcconfig"; sourceTree = "<group>"; };
		F58356591CB56EB09A10BE82 /* Pods-AppTestTests.release.xcconfig */ = {isa = PBXFileReference; includeInIndex = 1; lastKnownFileType = text.xcconfig; name = "Pods-AppTestTests.release.xcconfig"; path = "Pods/Target Support Files/Pods-AppTestTests/Pods-AppTestTests.release.xcconfig"; sourceTree = "<group>"; };
		FA71AE2AFB459F655F9A16A8 /* libPods-AppTestUITests.a */ = {isa = PBXFileReference; explicitFileType = archive.ar; includeInIndex = 0; path = "libPods-AppTestUITests.a"; sourceTree = BUILT_PRODUCTS_DIR; };
/* End PBXFileReference section */

/* Begin PBXFrameworksBuildPhase section */
		45F26EA61D7526AA006C6D9E /* Frameworks */ = {
			isa = PBXFrameworksBuildPhase;
			buildActionMask = 2147483647;
			files = (
				4515E8971E5A409400E3736F /* Security.framework in Frameworks */,
				4515E8931E5A3F3900E3736F /* Social.framework in Frameworks */,
				45E1521A1E4D3BF100F5E9EF /* UIKit.framework in Frameworks */,
				4515E8991E5A40BB00E3736F /* FBSDKCoreKit.framework in Frameworks */,
				4515E8951E5A401100E3736F /* FBSDKLoginKit.framework in Frameworks */,
				45E152181E4D3BE500F5E9EF /* QuartzCore.framework in Frameworks */,
				4515E89D1E5A45E700E3736F /* FBSDKShareKit.framework in Frameworks */,
				45E152161E4D3BD700F5E9EF /* CoreGraphics.framework in Frameworks */,
				4515E89B1E5A45C500E3736F /* Bolts.framework in Frameworks */,
				45E152141E4D3BD100F5E9EF /* Foundation.framework in Frameworks */,
				9C0194C4BAECDFFB2FB2204E /* libPods-AppTest.a in Frameworks */,
			);
			runOnlyForDeploymentPostprocessing = 0;
		};
		45F26EBF1D7526AA006C6D9E /* Frameworks */ = {
			isa = PBXFrameworksBuildPhase;
			buildActionMask = 2147483647;
			files = (
				97E9429F88885DD0421773F7 /* libPods-AppTestTests.a in Frameworks */,
			);
			runOnlyForDeploymentPostprocessing = 0;
		};
		45F26ECA1D7526AA006C6D9E /* Frameworks */ = {
			isa = PBXFrameworksBuildPhase;
			buildActionMask = 2147483647;
			files = (
				83349CB109212375B7905AC6 /* libPods-AppTestUITests.a in Frameworks */,
			);
			runOnlyForDeploymentPostprocessing = 0;
		};
/* End PBXFrameworksBuildPhase section */

/* Begin PBXGroup section */
		451EE6F81E6CEABF006CF063 /* VKSideMenu */ = {
			isa = PBXGroup;
			children = (
				451EE6F91E6CEAF7006CF063 /* VKSideMenu.h */,
				451EE6FA1E6CEAF7006CF063 /* VKSideMenu.m */,
			);
			name = VKSideMenu;
			sourceTree = "<group>";
		};
		45572A711E1DE18200CDA25A /* Fonts */ = {
			isa = PBXGroup;
			children = (
				45572A6F1E1DE17C00CDA25A /* Corbel.ttf */,
				45572A701E1DE17C00CDA25A /* HelveticaLTStd-Light.otf */,
			);
			name = Fonts;
			sourceTree = "<group>";
		};
		45A267F21D764D1C008C8FFB /* Controller */ = {
			isa = PBXGroup;
			children = (
				45F26EB21D7526AA006C6D9E /* ViewController.h */,
				45F26EB31D7526AA006C6D9E /* ViewController.m */,
				45A267EF1D764B63008C8FFB /* MapsViewController.h */,
				45A267F01D764B63008C8FFB /* MapsViewController.m */,
				4560AFE61D8BA50E00E341CD /* OffersCollectionViewController.h */,
				4560AFE71D8BA50E00E341CD /* OffersCollectionViewController.m */,
				459F00D01D90E5E70078736F /* OfferViewController.h */,
				459F00D11D90E5E70078736F /* OfferViewController.m */,
				45D4F25D1E2EE1DC00619E7F /* Register1ViewController.h */,
				45D4F25E1E2EE1DC00619E7F /* Register1ViewController.m */,
				45F4740E1E3048A400DD3C47 /* Register2ViewController.h */,
				45F4740F1E3048A400DD3C47 /* Register2ViewController.m */,
				45F7A2771E396F0800A3235D /* BienvenidoViewController.h */,
				45F7A2781E396F0800A3235D /* BienvenidoViewController.m */,
				45C2BCC31E3E5E7E004F1C09 /* LogInViewController.h */,
				45C2BCC41E3E5E7E004F1C09 /* LogInViewController.m */,
				45C2BCCB1E3E6FFA004F1C09 /* ForgotPasswordViewController.h */,
				45C2BCCC1E3E6FFA004F1C09 /* ForgotPasswordViewController.m */,
				45E152091E4D39F600F5E9EF /* OffersTableViewController.h */,
				45E1520A1E4D39F600F5E9EF /* OffersTableViewController.m */,
				45E152261E4D55B200F5E9EF /* SearchViewController.h */,
				45E152271E4D55B200F5E9EF /* SearchViewController.m */,
				456637A41E6E6DC90072F477 /* ProfileViewController.h */,
				456637A51E6E6DC90072F477 /* ProfileViewController.m */,
				45F8074F1E759A21005DB3A4 /* FilteredOffersTableViewController.h */,
				45F807501E759A21005DB3A4 /* FilteredOffersTableViewController.m */,
				45A864FF1E76309E00C30958 /* FilteredOffersNavigationViewController.h */,
				45A865001E76309E00C30958 /* FilteredOffersNavigationViewController.m */,
			);
			name = Controller;
			sourceTree = "<group>";
		};
		45A267F31D764D33008C8FFB /* Model */ = {
			isa = PBXGroup;
			children = (
				459F00CD1D90E47A0078736F /* Offer.h */,
				459F00CE1D90E47A0078736F /* Offer.m */,
				45D4F2631E2EE39E00619E7F /* User.h */,
				45D4F2641E2EE39E00619E7F /* User.m */,
				456637A11E6E44680072F477 /* Commerce.h */,
				456637A21E6E44680072F477 /* Commerce.m */,
				450349031E7253770021E7FA /* CommerceType.h */,
				450349041E7253770021E7FA /* CommerceType.m */,
			);
			name = Model;
			sourceTree = "<group>";
		};
		45A267F41D764D39008C8FFB /* Cells */ = {
			isa = PBXGroup;
			children = (
				45E1520C1E4D3A3E00F5E9EF /* KITableViewCell.h */,
				45E1520D1E4D3A3E00F5E9EF /* KITableViewCell.m */,
			);
			name = Cells;
			sourceTree = "<group>";
		};
		45A415FD1D767FE90038CD4D /* Images */ = {
			isa = PBXGroup;
			children = (
				4599E0551E3AF1F100C5C92C /* menu-button_white.png */,
				4599E0531E3AF13D00C5C92C /* menu-button_white@2x.png */,
				45A415DD1D767FDC0038CD4D /* angry_birds_cake.jpg */,
				45A415DE1D767FDC0038CD4D /* creme_brelee.jpg */,
				45A415DF1D767FDC0038CD4D /* egg_benedict.jpg */,
				45A415E01D767FDC0038CD4D /* full_breakfast.jpg */,
				45A415E11D767FDC0038CD4D /* green_tea.jpg */,
				45A415E21D767FDC0038CD4D /* ham_and_cheese_panini.jpg */,
				45A415E31D767FDC0038CD4D /* ham_and_egg_sandwich.jpg */,
				45A415E41D767FDC0038CD4D /* hamburger.jpg */,
				45A415E51D767FDC0038CD4D /* instant_noodle_with_egg.jpg */,
				45A415E61D767FDC0038CD4D /* japanese_noodle_with_pork.jpg */,
				45A415E71D767FDC0038CD4D /* mushroom_risotto.jpg */,
				45A415E81D767FDC0038CD4D /* noodle_with_bbq_pork.jpg */,
				45A415E91D767FDC0038CD4D /* starbucks_coffee.jpg */,
				45A415EA1D767FDC0038CD4D /* thai_shrimp_cake.jpg */,
				45A415EB1D767FDC0038CD4D /* vegetable_curry.jpg */,
				45A415EC1D767FDC0038CD4D /* white_chocolate_donut.jpg */,
			);
			name = Images;
			sourceTree = "<group>";
		};
		45C2BCC61E3E68BC004F1C09 /* Buttons */ = {
			isa = PBXGroup;
			children = (
				45C2BCC71E3E68E4004F1C09 /* UIUnderlinedButton.h */,
				45C2BCC81E3E68E4004F1C09 /* UIUnderlinedButton.m */,
			);
			name = Buttons;
			sourceTree = "<group>";
		};
		45E1520F1E4D3A8C00F5E9EF /* KASlideShow */ = {
			isa = PBXGroup;
			children = (
				45E152101E4D3AB400F5E9EF /* KASlideShow.h */,
				45E152111E4D3AB400F5E9EF /* KASlideShow.m */,
			);
			name = KASlideShow;
			sourceTree = "<group>";
		};
		45E1521B1E4D3D7F00F5E9EF /* testImages */ = {
			isa = PBXGroup;
			children = (
				45E1521C1E4D3D8D00F5E9EF /* 336D.jpg */,
				45E1521D1E4D3D8D00F5E9EF /* test_1.jpg */,
				45E1521E1E4D3D8D00F5E9EF /* test_2.jpg */,
				45E1521F1E4D3D8D00F5E9EF /* test_3.jpg */,
				45E152201E4D3D8D00F5E9EF /* test_4.jpg */,
			);
			name = testImages;
			sourceTree = "<group>";
		};
		45F26EA01D7526AA006C6D9E = {
			isa = PBXGroup;
			children = (
				45F26EAB1D7526AA006C6D9E /* AppTest */,
				45F26EC51D7526AA006C6D9E /* AppTestTests */,
				45F26ED01D7526AA006C6D9E /* AppTestUITests */,
				45F26EAA1D7526AA006C6D9E /* Products */,
				71B12CEF8E5A2387426A853C /* Pods */,
				800FF40AE6CF084E7092823D /* Frameworks */,
			);
			sourceTree = "<group>";
		};
		45F26EAA1D7526AA006C6D9E /* Products */ = {
			isa = PBXGroup;
			children = (
				45F26EA91D7526AA006C6D9E /* AppTest.app */,
				45F26EC21D7526AA006C6D9E /* AppTestTests.xctest */,
				45F26ECD1D7526AA006C6D9E /* AppTestUITests.xctest */,
			);
			name = Products;
			sourceTree = "<group>";
		};
		45F26EAB1D7526AA006C6D9E /* AppTest */ = {
			isa = PBXGroup;
			children = (
				451EE6F81E6CEABF006CF063 /* VKSideMenu */,
				45E1521B1E4D3D7F00F5E9EF /* testImages */,
				45E1520F1E4D3A8C00F5E9EF /* KASlideShow */,
				45C2BCC61E3E68BC004F1C09 /* Buttons */,
				45F7A27A1E3972ED00A3235D /* TF */,
				45572A711E1DE18200CDA25A /* Fonts */,
				45A415FD1D767FE90038CD4D /* Images */,
				45A267F41D764D39008C8FFB /* Cells */,
				45A267F31D764D33008C8FFB /* Model */,
				45A267F21D764D1C008C8FFB /* Controller */,
				45F26EAF1D7526AA006C6D9E /* AppDelegate.h */,
				45F26EB01D7526AA006C6D9E /* AppDelegate.m */,
				45F26EB51D7526AA006C6D9E /* Main.storyboard */,
				4515E89E1E5A4CC300E3736F /* GoogleService-Info.plist */,
				45F26EB81D7526AA006C6D9E /* Assets.xcassets */,
				45F26EBA1D7526AA006C6D9E /* LaunchScreen.storyboard */,
				45F26EBD1D7526AA006C6D9E /* Info.plist */,
				45F26EAC1D7526AA006C6D9E /* Supporting Files */,
			);
			path = AppTest;
			sourceTree = "<group>";
		};
		45F26EAC1D7526AA006C6D9E /* Supporting Files */ = {
			isa = PBXGroup;
			children = (
				45F26EAD1D7526AA006C6D9E /* main.m */,
			);
			name = "Supporting Files";
			sourceTree = "<group>";
		};
		45F26EC51D7526AA006C6D9E /* AppTestTests */ = {
			isa = PBXGroup;
			children = (
				45F26EC61D7526AA006C6D9E /* AppTestTests.m */,
				45F26EC81D7526AA006C6D9E /* Info.plist */,
			);
			path = AppTestTests;
			sourceTree = "<group>";
		};
		45F26ED01D7526AA006C6D9E /* AppTestUITests */ = {
			isa = PBXGroup;
			children = (
				45F26ED11D7526AA006C6D9E /* AppTestUITests.m */,
				45F26ED31D7526AA006C6D9E /* Info.plist */,
			);
			path = AppTestUITests;
			sourceTree = "<group>";
		};
		45F7A27A1E3972ED00A3235D /* TF */ = {
			isa = PBXGroup;
			children = (
				45F7A27B1E3972FF00A3235D /* ACFloatingTextField.h */,
				45F7A27C1E3972FF00A3235D /* ACFloatingTextField.m */,
			);
			name = TF;
			sourceTree = "<group>";
		};
		71B12CEF8E5A2387426A853C /* Pods */ = {
			isa = PBXGroup;
			children = (
				6E45FA9D8B4DA65FF6C3F021 /* Pods-AppTest.debug.xcconfig */,
				F1F16918C36809986DA16AFC /* Pods-AppTest.release.xcconfig */,
				403FE867347957B2B1EF8B5C /* Pods-AppTestTests.debug.xcconfig */,
				F58356591CB56EB09A10BE82 /* Pods-AppTestTests.release.xcconfig */,
				E3AE3F0010470451DE6B903B /* Pods-AppTestUITests.debug.xcconfig */,
				EE4FF6F6A36A678578058D93 /* Pods-AppTestUITests.release.xcconfig */,
			);
			name = Pods;
			sourceTree = "<group>";
		};
		800FF40AE6CF084E7092823D /* Frameworks */ = {
			isa = PBXGroup;
			children = (
				4515E89C1E5A45E700E3736F /* FBSDKShareKit.framework */,
				4515E89A1E5A45C500E3736F /* Bolts.framework */,
				4515E8981E5A40BB00E3736F /* FBSDKCoreKit.framework */,
				4515E8961E5A409400E3736F /* Security.framework */,
				4515E8941E5A401100E3736F /* FBSDKLoginKit.framework */,
				4515E8921E5A3F3900E3736F /* Social.framework */,
				45E152191E4D3BF100F5E9EF /* UIKit.framework */,
				45E152171E4D3BE500F5E9EF /* QuartzCore.framework */,
				45E152151E4D3BD700F5E9EF /* CoreGraphics.framework */,
				45E152131E4D3BD100F5E9EF /* Foundation.framework */,
				252F063C7F2F76F96EEF6D44 /* libPods-AppTest.a */,
				3CBECB606A5EEAE7E47721D7 /* libPods-AppTestTests.a */,
				FA71AE2AFB459F655F9A16A8 /* libPods-AppTestUITests.a */,
			);
			name = Frameworks;
			sourceTree = "<group>";
		};
/* End PBXGroup section */

/* Begin PBXNativeTarget section */
		45F26EA81D7526AA006C6D9E /* AppTest */ = {
			isa = PBXNativeTarget;
			buildConfigurationList = 45F26ED61D7526AA006C6D9E /* Build configuration list for PBXNativeTarget "AppTest" */;
			buildPhases = (
				64DC51A022ED1C5DE780541D /* [CP] Check Pods Manifest.lock */,
				45F26EA51D7526AA006C6D9E /* Sources */,
				45F26EA61D7526AA006C6D9E /* Frameworks */,
				45F26EA71D7526AA006C6D9E /* Resources */,
				5D21266048C66B2DDA2D005F /* [CP] Embed Pods Frameworks */,
				D4E057225D51B1677DA6C7AD /* [CP] Copy Pods Resources */,
			);
			buildRules = (
			);
			dependencies = (
			);
			name = AppTest;
			productName = AppTest;
			productReference = 45F26EA91D7526AA006C6D9E /* AppTest.app */;
			productType = "com.apple.product-type.application";
		};
		45F26EC11D7526AA006C6D9E /* AppTestTests */ = {
			isa = PBXNativeTarget;
			buildConfigurationList = 45F26ED91D7526AA006C6D9E /* Build configuration list for PBXNativeTarget "AppTestTests" */;
			buildPhases = (
				9F75B1E426F70C19E255AFD6 /* [CP] Check Pods Manifest.lock */,
				45F26EBE1D7526AA006C6D9E /* Sources */,
				45F26EBF1D7526AA006C6D9E /* Frameworks */,
				45F26EC01D7526AA006C6D9E /* Resources */,
				679808520637A31283350491 /* [CP] Embed Pods Frameworks */,
				4C3774C3B09E77695D12C962 /* [CP] Copy Pods Resources */,
			);
			buildRules = (
			);
			dependencies = (
				45F26EC41D7526AA006C6D9E /* PBXTargetDependency */,
			);
			name = AppTestTests;
			productName = AppTestTests;
			productReference = 45F26EC21D7526AA006C6D9E /* AppTestTests.xctest */;
			productType = "com.apple.product-type.bundle.unit-test";
		};
		45F26ECC1D7526AA006C6D9E /* AppTestUITests */ = {
			isa = PBXNativeTarget;
			buildConfigurationList = 45F26EDC1D7526AA006C6D9E /* Build configuration list for PBXNativeTarget "AppTestUITests" */;
			buildPhases = (
				4A5383501E35CE31EA153C3C /* [CP] Check Pods Manifest.lock */,
				45F26EC91D7526AA006C6D9E /* Sources */,
				45F26ECA1D7526AA006C6D9E /* Frameworks */,
				45F26ECB1D7526AA006C6D9E /* Resources */,
				77193A1624E33DC6C30F870B /* [CP] Copy Pods Resources */,
			);
			buildRules = (
			);
			dependencies = (
				45F26ECF1D7526AA006C6D9E /* PBXTargetDependency */,
			);
			name = AppTestUITests;
			productName = AppTestUITests;
			productReference = 45F26ECD1D7526AA006C6D9E /* AppTestUITests.xctest */;
			productType = "com.apple.product-type.bundle.ui-testing";
		};
/* End PBXNativeTarget section */

/* Begin PBXProject section */
		45F26EA11D7526AA006C6D9E /* Project object */ = {
			isa = PBXProject;
			attributes = {
				CLASSPREFIX = "";
				LastUpgradeCheck = 0730;
				ORGANIZATIONNAME = "Rafael Perez";
				TargetAttributes = {
					45F26EA81D7526AA006C6D9E = {
						CreatedOnToolsVersion = 7.3.1;
					};
					45F26EC11D7526AA006C6D9E = {
						CreatedOnToolsVersion = 7.3.1;
						TestTargetID = 45F26EA81D7526AA006C6D9E;
					};
					45F26ECC1D7526AA006C6D9E = {
						CreatedOnToolsVersion = 7.3.1;
						TestTargetID = 45F26EA81D7526AA006C6D9E;
					};
				};
			};
			buildConfigurationList = 45F26EA41D7526AA006C6D9E /* Build configuration list for PBXProject "AppTest" */;
			compatibilityVersion = "Xcode 3.2";
			developmentRegion = English;
			hasScannedForEncodings = 0;
			knownRegions = (
				en,
				Base,
			);
			mainGroup = 45F26EA01D7526AA006C6D9E;
			productRefGroup = 45F26EAA1D7526AA006C6D9E /* Products */;
			projectDirPath = "";
			projectRoot = "";
			targets = (
				45F26EA81D7526AA006C6D9E /* AppTest */,
				45F26EC11D7526AA006C6D9E /* AppTestTests */,
				45F26ECC1D7526AA006C6D9E /* AppTestUITests */,
			);
		};
/* End PBXProject section */

/* Begin PBXResourcesBuildPhase section */
		45F26EA71D7526AA006C6D9E /* Resources */ = {
			isa = PBXResourcesBuildPhase;
			buildActionMask = 2147483647;
			files = (
				45A415F01D767FDC0038CD4D /* full_breakfast.jpg in Resources */,
				45F26EBC1D7526AA006C6D9E /* LaunchScreen.storyboard in Resources */,
				45E152251E4D3D8D00F5E9EF /* test_4.jpg in Resources */,
				45A415EE1D767FDC0038CD4D /* creme_brelee.jpg in Resources */,
				45A415FB1D767FDC0038CD4D /* vegetable_curry.jpg in Resources */,
				45A415FA1D767FDC0038CD4D /* thai_shrimp_cake.jpg in Resources */,
				4599E0561E3AF1F100C5C92C /* menu-button_white.png in Resources */,
				45F26EB91D7526AA006C6D9E /* Assets.xcassets in Resources */,
				45A415FC1D767FDC0038CD4D /* white_chocolate_donut.jpg in Resources */,
				45E152221E4D3D8D00F5E9EF /* test_1.jpg in Resources */,
				45A415F51D767FDC0038CD4D /* instant_noodle_with_egg.jpg in Resources */,
				4515E89F1E5A4CC300E3736F /* GoogleService-Info.plist in Resources */,
				45E152231E4D3D8D00F5E9EF /* test_2.jpg in Resources */,
				45A415F41D767FDC0038CD4D /* hamburger.jpg in Resources */,
				45A415F81D767FDC0038CD4D /* noodle_with_bbq_pork.jpg in Resources */,
				45A415ED1D767FDC0038CD4D /* angry_birds_cake.jpg in Resources */,
				45F26EB71D7526AA006C6D9E /* Main.storyboard in Resources */,
				45E152211E4D3D8D00F5E9EF /* 336D.jpg in Resources */,
				45A415F21D767FDC0038CD4D /* ham_and_cheese_panini.jpg in Resources */,
				45A415F11D767FDC0038CD4D /* green_tea.jpg in Resources */,
				45E152241E4D3D8D00F5E9EF /* test_3.jpg in Resources */,
				45A415F71D767FDC0038CD4D /* mushroom_risotto.jpg in Resources */,
				45A415F91D767FDC0038CD4D /* starbucks_coffee.jpg in Resources */,
				4599E0541E3AF13D00C5C92C /* menu-button_white@2x.png in Resources */,
				45A415EF1D767FDC0038CD4D /* egg_benedict.jpg in Resources */,
				45A415F31D767FDC0038CD4D /* ham_and_egg_sandwich.jpg in Resources */,
				45A415F61D767FDC0038CD4D /* japanese_noodle_with_pork.jpg in Resources */,
			);
			runOnlyForDeploymentPostprocessing = 0;
		};
		45F26EC01D7526AA006C6D9E /* Resources */ = {
			isa = PBXResourcesBuildPhase;
			buildActionMask = 2147483647;
			files = (
			);
			runOnlyForDeploymentPostprocessing = 0;
		};
		45F26ECB1D7526AA006C6D9E /* Resources */ = {
			isa = PBXResourcesBuildPhase;
			buildActionMask = 2147483647;
			files = (
			);
			runOnlyForDeploymentPostprocessing = 0;
		};
/* End PBXResourcesBuildPhase section */

/* Begin PBXShellScriptBuildPhase section */
		4A5383501E35CE31EA153C3C /* [CP] Check Pods Manifest.lock */ = {
			isa = PBXShellScriptBuildPhase;
			buildActionMask = 2147483647;
			files = (
			);
			inputPaths = (
			);
			name = "[CP] Check Pods Manifest.lock";
			outputPaths = (
			);
			runOnlyForDeploymentPostprocessing = 0;
			shellPath = /bin/sh;
			shellScript = "diff \"${PODS_ROOT}/../Podfile.lock\" \"${PODS_ROOT}/Manifest.lock\" > /dev/null\nif [[ $? != 0 ]] ; then\n    cat << EOM\nerror: The sandbox is not in sync with the Podfile.lock. Run 'pod install' or update your CocoaPods installation.\nEOM\n    exit 1\nfi\n";
			showEnvVarsInLog = 0;
		};
		4C3774C3B09E77695D12C962 /* [CP] Copy Pods Resources */ = {
			isa = PBXShellScriptBuildPhase;
			buildActionMask = 2147483647;
			files = (
			);
			inputPaths = (
			);
			name = "[CP] Copy Pods Resources";
			outputPaths = (
			);
			runOnlyForDeploymentPostprocessing = 0;
			shellPath = /bin/sh;
			shellScript = "\"${SRCROOT}/Pods/Target Support Files/Pods-AppTestTests/Pods-AppTestTests-resources.sh\"\n";
			showEnvVarsInLog = 0;
		};
		5D21266048C66B2DDA2D005F /* [CP] Embed Pods Frameworks */ = {
			isa = PBXShellScriptBuildPhase;
			buildActionMask = 2147483647;
			files = (
			);
			inputPaths = (
			);
			name = "[CP] Embed Pods Frameworks";
			outputPaths = (
			);
			runOnlyForDeploymentPostprocessing = 0;
			shellPath = /bin/sh;
			shellScript = "\"${SRCROOT}/Pods/Target Support Files/Pods-AppTest/Pods-AppTest-frameworks.sh\"\n";
			showEnvVarsInLog = 0;
		};
		64DC51A022ED1C5DE780541D /* [CP] Check Pods Manifest.lock */ = {
			isa = PBXShellScriptBuildPhase;
			buildActionMask = 2147483647;
			files = (
			);
			inputPaths = (
			);
			name = "[CP] Check Pods Manifest.lock";
			outputPaths = (
			);
			runOnlyForDeploymentPostprocessing = 0;
			shellPath = /bin/sh;
			shellScript = "diff \"${PODS_ROOT}/../Podfile.lock\" \"${PODS_ROOT}/Manifest.lock\" > /dev/null\nif [[ $? != 0 ]] ; then\n    cat << EOM\nerror: The sandbox is not in sync with the Podfile.lock. Run 'pod install' or update your CocoaPods installation.\nEOM\n    exit 1\nfi\n";
			showEnvVarsInLog = 0;
		};
		679808520637A31283350491 /* [CP] Embed Pods Frameworks */ = {
			isa = PBXShellScriptBuildPhase;
			buildActionMask = 2147483647;
			files = (
			);
			inputPaths = (
			);
			name = "[CP] Embed Pods Frameworks";
			outputPaths = (
			);
			runOnlyForDeploymentPostprocessing = 0;
			shellPath = /bin/sh;
			shellScript = "\"${SRCROOT}/Pods/Target Support Files/Pods-AppTestTests/Pods-AppTestTests-frameworks.sh\"\n";
			showEnvVarsInLog = 0;
		};
		77193A1624E33DC6C30F870B /* [CP] Copy Pods Resources */ = {
			isa = PBXShellScriptBuildPhase;
			buildActionMask = 2147483647;
			files = (
			);
			inputPaths = (
			);
			name = "[CP] Copy Pods Resources";
			outputPaths = (
			);
			runOnlyForDeploymentPostprocessing = 0;
			shellPath = /bin/sh;
			shellScript = "\"${SRCROOT}/Pods/Target Support Files/Pods-AppTestUITests/Pods-AppTestUITests-resources.sh\"\n";
			showEnvVarsInLog = 0;
		};
		9F75B1E426F70C19E255AFD6 /* [CP] Check Pods Manifest.lock */ = {
			isa = PBXShellScriptBuildPhase;
			buildActionMask = 2147483647;
			files = (
			);
			inputPaths = (
			);
			name = "[CP] Check Pods Manifest.lock";
			outputPaths = (
			);
			runOnlyForDeploymentPostprocessing = 0;
			shellPath = /bin/sh;
			shellScript = "diff \"${PODS_ROOT}/../Podfile.lock\" \"${PODS_ROOT}/Manifest.lock\" > /dev/null\nif [[ $? != 0 ]] ; then\n    cat << EOM\nerror: The sandbox is not in sync with the Podfile.lock. Run 'pod install' or update your CocoaPods installation.\nEOM\n    exit 1\nfi\n";
			showEnvVarsInLog = 0;
		};
		D4E057225D51B1677DA6C7AD /* [CP] Copy Pods Resources */ = {
			isa = PBXShellScriptBuildPhase;
			buildActionMask = 2147483647;
			files = (
			);
			inputPaths = (
			);
			name = "[CP] Copy Pods Resources";
			outputPaths = (
			);
			runOnlyForDeploymentPostprocessing = 0;
			shellPath = /bin/sh;
			shellScript = "\"${SRCROOT}/Pods/Target Support Files/Pods-AppTest/Pods-AppTest-resources.sh\"\n";
			showEnvVarsInLog = 0;
		};
/* End PBXShellScriptBuildPhase section */

/* Begin PBXSourcesBuildPhase section */
		45F26EA51D7526AA006C6D9E /* Sources */ = {
			isa = PBXSourcesBuildPhase;
			buildActionMask = 2147483647;
			files = (
				45C2BCCD1E3E6FFA004F1C09 /* ForgotPasswordViewController.m in Sources */,
				459F00CF1D90E47A0078736F /* Offer.m in Sources */,
				45F7A27D1E3972FF00A3235D /* ACFloatingTextField.m in Sources */,
				45E1520E1E4D3A3E00F5E9EF /* KITableViewCell.m in Sources */,
				45D4F25F1E2EE1DC00619E7F /* Register1ViewController.m in Sources */,
				45D4F2651E2EE39E00619E7F /* User.m in Sources */,
				45F26EB41D7526AA006C6D9E /* ViewController.m in Sources */,
				45F474101E3048A400DD3C47 /* Register2ViewController.m in Sources */,
				450349051E7253770021E7FA /* CommerceType.m in Sources */,
				45F807511E759A21005DB3A4 /* FilteredOffersTableViewController.m in Sources */,
				456637A61E6E6DC90072F477 /* ProfileViewController.m in Sources */,
				459F00D21D90E5E70078736F /* OfferViewController.m in Sources */,
				456637A31E6E44680072F477 /* Commerce.m in Sources */,
				45E152121E4D3AB400F5E9EF /* KASlideShow.m in Sources */,
				45F26EB11D7526AA006C6D9E /* AppDelegate.m in Sources */,
				45E152281E4D55B200F5E9EF /* SearchViewController.m in Sources */,
				4560AFE81D8BA50E00E341CD /* OffersCollectionViewController.m in Sources */,
				45C2BCC51E3E5E7E004F1C09 /* LogInViewController.m in Sources */,
				45F7A2791E396F0800A3235D /* BienvenidoViewController.m in Sources */,
				451EE6FB1E6CEAF7006CF063 /* VKSideMenu.m in Sources */,
				45F26EAE1D7526AA006C6D9E /* main.m in Sources */,
				45A267F11D764B63008C8FFB /* MapsViewController.m in Sources */,
				45A865011E76309E00C30958 /* FilteredOffersNavigationViewController.m in Sources */,
				45E1520B1E4D39F600F5E9EF /* OffersTableViewController.m in Sources */,
				45C2BCC91E3E68E4004F1C09 /* UIUnderlinedButton.m in Sources */,
			);
			runOnlyForDeploymentPostprocessing = 0;
		};
		45F26EBE1D7526AA006C6D9E /* Sources */ = {
			isa = PBXSourcesBuildPhase;
			buildActionMask = 2147483647;
			files = (
				45F26EC71D7526AA006C6D9E /* AppTestTests.m in Sources */,
			);
			runOnlyForDeploymentPostprocessing = 0;
		};
		45F26EC91D7526AA006C6D9E /* Sources */ = {
			isa = PBXSourcesBuildPhase;
			buildActionMask = 2147483647;
			files = (
				45F26ED21D7526AA006C6D9E /* AppTestUITests.m in Sources */,
			);
			runOnlyForDeploymentPostprocessing = 0;
		};
/* End PBXSourcesBuildPhase section */

/* Begin PBXTargetDependency section */
		45F26EC41D7526AA006C6D9E /* PBXTargetDependency */ = {
			isa = PBXTargetDependency;
			target = 45F26EA81D7526AA006C6D9E /* AppTest */;
			targetProxy = 45F26EC31D7526AA006C6D9E /* PBXContainerItemProxy */;
		};
		45F26ECF1D7526AA006C6D9E /* PBXTargetDependency */ = {
			isa = PBXTargetDependency;
			target = 45F26EA81D7526AA006C6D9E /* AppTest */;
			targetProxy = 45F26ECE1D7526AA006C6D9E /* PBXContainerItemProxy */;
		};
/* End PBXTargetDependency section */

/* Begin PBXVariantGroup section */
		45F26EB51D7526AA006C6D9E /* Main.storyboard */ = {
			isa = PBXVariantGroup;
			children = (
				45F26EB61D7526AA006C6D9E /* Base */,
			);
			name = Main.storyboard;
			sourceTree = "<group>";
		};
		45F26EBA1D7526AA006C6D9E /* LaunchScreen.storyboard */ = {
			isa = PBXVariantGroup;
			children = (
				45F26EBB1D7526AA006C6D9E /* Base */,
			);
			name = LaunchScreen.storyboard;
			sourceTree = "<group>";
		};
/* End PBXVariantGroup section */

/* Begin XCBuildConfiguration section */
		45F26ED41D7526AA006C6D9E /* Debug */ = {
			isa = XCBuildConfiguration;
			buildSettings = {
				ALWAYS_SEARCH_USER_PATHS = NO;
				CLANG_ANALYZER_NONNULL = YES;
				CLANG_CXX_LANGUAGE_STANDARD = "gnu++0x";
				CLANG_CXX_LIBRARY = "libc++";
				CLANG_ENABLE_MODULES = YES;
				CLANG_ENABLE_OBJC_ARC = YES;
				CLANG_WARN_BOOL_CONVERSION = YES;
				CLANG_WARN_CONSTANT_CONVERSION = YES;
				CLANG_WARN_DIRECT_OBJC_ISA_USAGE = YES_ERROR;
				CLANG_WARN_EMPTY_BODY = YES;
				CLANG_WARN_ENUM_CONVERSION = YES;
				CLANG_WARN_INT_CONVERSION = YES;
				CLANG_WARN_OBJC_ROOT_CLASS = YES_ERROR;
				CLANG_WARN_UNREACHABLE_CODE = YES;
				CLANG_WARN__DUPLICATE_METHOD_MATCH = YES;
				"CODE_SIGN_IDENTITY[sdk=iphoneos*]" = "iPhone Developer";
				COPY_PHASE_STRIP = NO;
				DEBUG_INFORMATION_FORMAT = dwarf;
				ENABLE_STRICT_OBJC_MSGSEND = YES;
				ENABLE_TESTABILITY = YES;
				GCC_C_LANGUAGE_STANDARD = gnu99;
				GCC_DYNAMIC_NO_PIC = NO;
				GCC_NO_COMMON_BLOCKS = YES;
				GCC_OPTIMIZATION_LEVEL = 0;
				GCC_PREPROCESSOR_DEFINITIONS = (
					"DEBUG=1",
					"$(inherited)",
				);
				GCC_WARN_64_TO_32_BIT_CONVERSION = YES;
				GCC_WARN_ABOUT_RETURN_TYPE = YES_ERROR;
				GCC_WARN_UNDECLARED_SELECTOR = YES;
				GCC_WARN_UNINITIALIZED_AUTOS = YES_AGGRESSIVE;
				GCC_WARN_UNUSED_FUNCTION = YES;
				GCC_WARN_UNUSED_VARIABLE = YES;
				IPHONEOS_DEPLOYMENT_TARGET = 9.3;
				MTL_ENABLE_DEBUG_INFO = YES;
				ONLY_ACTIVE_ARCH = YES;
				SDKROOT = iphoneos;
				TARGETED_DEVICE_FAMILY = "1,2";
			};
			name = Debug;
		};
		45F26ED51D7526AA006C6D9E /* Release */ = {
			isa = XCBuildConfiguration;
			buildSettings = {
				ALWAYS_SEARCH_USER_PATHS = NO;
				CLANG_ANALYZER_NONNULL = YES;
				CLANG_CXX_LANGUAGE_STANDARD = "gnu++0x";
				CLANG_CXX_LIBRARY = "libc++";
				CLANG_ENABLE_MODULES = YES;
				CLANG_ENABLE_OBJC_ARC = YES;
				CLANG_WARN_BOOL_CONVERSION = YES;
				CLANG_WARN_CONSTANT_CONVERSION = YES;
				CLANG_WARN_DIRECT_OBJC_ISA_USAGE = YES_ERROR;
				CLANG_WARN_EMPTY_BODY = YES;
				CLANG_WARN_ENUM_CONVERSION = YES;
				CLANG_WARN_INT_CONVERSION = YES;
				CLANG_WARN_OBJC_ROOT_CLASS = YES_ERROR;
				CLANG_WARN_UNREACHABLE_CODE = YES;
				CLANG_WARN__DUPLICATE_METHOD_MATCH = YES;
				"CODE_SIGN_IDENTITY[sdk=iphoneos*]" = "iPhone Developer";
				COPY_PHASE_STRIP = NO;
				DEBUG_INFORMATION_FORMAT = "dwarf-with-dsym";
				ENABLE_NS_ASSERTIONS = NO;
				ENABLE_STRICT_OBJC_MSGSEND = YES;
				GCC_C_LANGUAGE_STANDARD = gnu99;
				GCC_NO_COMMON_BLOCKS = YES;
				GCC_WARN_64_TO_32_BIT_CONVERSION = YES;
				GCC_WARN_ABOUT_RETURN_TYPE = YES_ERROR;
				GCC_WARN_UNDECLARED_SELECTOR = YES;
				GCC_WARN_UNINITIALIZED_AUTOS = YES_AGGRESSIVE;
				GCC_WARN_UNUSED_FUNCTION = YES;
				GCC_WARN_UNUSED_VARIABLE = YES;
				IPHONEOS_DEPLOYMENT_TARGET = 9.3;
				MTL_ENABLE_DEBUG_INFO = NO;
				SDKROOT = iphoneos;
				TARGETED_DEVICE_FAMILY = "1,2";
				VALIDATE_PRODUCT = YES;
			};
			name = Release;
		};
		45F26ED71D7526AA006C6D9E /* Debug */ = {
			isa = XCBuildConfiguration;
			baseConfigurationReference = 6E45FA9D8B4DA65FF6C3F021 /* Pods-AppTest.debug.xcconfig */;
			buildSettings = {
				ASSETCATALOG_COMPILER_APPICON_NAME = AppIcon;
				FRAMEWORK_SEARCH_PATHS = (
					"$(inherited)",
					"$(PROJECT_DIR)",
				);
				INFOPLIST_FILE = AppTest/Info.plist;
				LD_RUNPATH_SEARCH_PATHS = "$(inherited) @executable_path/Frameworks";
				PRODUCT_BUNDLE_IDENTIFIER = com.rafaelperez.AppTest;
				PRODUCT_NAME = "$(TARGET_NAME)";
				TARGETED_DEVICE_FAMILY = "1,2";
			};
			name = Debug;
		};
		45F26ED81D7526AA006C6D9E /* Release */ = {
			isa = XCBuildConfiguration;
			baseConfigurationReference = F1F16918C36809986DA16AFC /* Pods-AppTest.release.xcconfig */;
			buildSettings = {
				ASSETCATALOG_COMPILER_APPICON_NAME = AppIcon;
				FRAMEWORK_SEARCH_PATHS = (
					"$(inherited)",
					"$(PROJECT_DIR)",
				);
				INFOPLIST_FILE = AppTest/Info.plist;
				LD_RUNPATH_SEARCH_PATHS = "$(inherited) @executable_path/Frameworks";
				PRODUCT_BUNDLE_IDENTIFIER = com.rafaelperez.AppTest;
				PRODUCT_NAME = "$(TARGET_NAME)";
				TARGETED_DEVICE_FAMILY = "1,2";
			};
			name = Release;
		};
		45F26EDA1D7526AA006C6D9E /* Debug */ = {
			isa = XCBuildConfiguration;
			baseConfigurationReference = 403FE867347957B2B1EF8B5C /* Pods-AppTestTests.debug.xcconfig */;
			buildSettings = {
				BUNDLE_LOADER = "$(TEST_HOST)";
				INFOPLIST_FILE = AppTestTests/Info.plist;
				LD_RUNPATH_SEARCH_PATHS = "$(inherited) @executable_path/Frameworks @loader_path/Frameworks";
				PRODUCT_BUNDLE_IDENTIFIER = com.rafaelperez.AppTestTests;
				PRODUCT_NAME = "$(TARGET_NAME)";
				TEST_HOST = "$(BUILT_PRODUCTS_DIR)/AppTest.app/AppTest";
			};
			name = Debug;
		};
		45F26EDB1D7526AA006C6D9E /* Release */ = {
			isa = XCBuildConfiguration;
			baseConfigurationReference = F58356591CB56EB09A10BE82 /* Pods-AppTestTests.release.xcconfig */;
			buildSettings = {
				BUNDLE_LOADER = "$(TEST_HOST)";
				INFOPLIST_FILE = AppTestTests/Info.plist;
				LD_RUNPATH_SEARCH_PATHS = "$(inherited) @executable_path/Frameworks @loader_path/Frameworks";
				PRODUCT_BUNDLE_IDENTIFIER = com.rafaelperez.AppTestTests;
				PRODUCT_NAME = "$(TARGET_NAME)";
				TEST_HOST = "$(BUILT_PRODUCTS_DIR)/AppTest.app/AppTest";
			};
			name = Release;
		};
		45F26EDD1D7526AA006C6D9E /* Debug */ = {
			isa = XCBuildConfiguration;
			baseConfigurationReference = E3AE3F0010470451DE6B903B /* Pods-AppTestUITests.debug.xcconfig */;
			buildSettings = {
				INFOPLIST_FILE = AppTestUITests/Info.plist;
				LD_RUNPATH_SEARCH_PATHS = "$(inherited) @executable_path/Frameworks @loader_path/Frameworks";
				PRODUCT_BUNDLE_IDENTIFIER = com.rafaelperez.AppTestUITests;
				PRODUCT_NAME = "$(TARGET_NAME)";
				TEST_TARGET_NAME = AppTest;
			};
			name = Debug;
		};
		45F26EDE1D7526AA006C6D9E /* Release */ = {
			isa = XCBuildConfiguration;
			baseConfigurationReference = EE4FF6F6A36A678578058D93 /* Pods-AppTestUITests.release.xcconfig */;
			buildSettings = {
				INFOPLIST_FILE = AppTestUITests/Info.plist;
				LD_RUNPATH_SEARCH_PATHS = "$(inherited) @executable_path/Frameworks @loader_path/Frameworks";
				PRODUCT_BUNDLE_IDENTIFIER = com.rafaelperez.AppTestUITests;
				PRODUCT_NAME = "$(TARGET_NAME)";
				TEST_TARGET_NAME = AppTest;
			};
			name = Release;
		};
/* End XCBuildConfiguration section */

/* Begin XCConfigurationList section */
		45F26EA41D7526AA006C6D9E /* Build configuration list for PBXProject "AppTest" */ = {
			isa = XCConfigurationList;
			buildConfigurations = (
				45F26ED41D7526AA006C6D9E /* Debug */,
				45F26ED51D7526AA006C6D9E /* Release */,
			);
			defaultConfigurationIsVisible = 0;
			defaultConfigurationName = Release;
		};
		45F26ED61D7526AA006C6D9E /* Build configuration list for PBXNativeTarget "AppTest" */ = {
			isa = XCConfigurationList;
			buildConfigurations = (
				45F26ED71D7526AA006C6D9E /* Debug */,
				45F26ED81D7526AA006C6D9E /* Release */,
			);
			defaultConfigurationIsVisible = 0;
			defaultConfigurationName = Release;
		};
		45F26ED91D7526AA006C6D9E /* Build configuration list for PBXNativeTarget "AppTestTests" */ = {
			isa = XCConfigurationList;
			buildConfigurations = (
				45F26EDA1D7526AA006C6D9E /* Debug */,
				45F26EDB1D7526AA006C6D9E /* Release */,
			);
			defaultConfigurationIsVisible = 0;
			defaultConfigurationName = Release;
		};
		45F26EDC1D7526AA006C6D9E /* Build configuration list for PBXNativeTarget "AppTestUITests" */ = {
			isa = XCConfigurationList;
			buildConfigurations = (
				45F26EDD1D7526AA006C6D9E /* Debug */,
				45F26EDE1D7526AA006C6D9E /* Release */,
			);
			defaultConfigurationIsVisible = 0;
			defaultConfigurationName = Release;
		};
/* End XCConfigurationList section */
	};
	rootObject = 45F26EA11D7526AA006C6D9E /* Project object */;
}
